
Microsoft Visual Studio Solution File, Format Version 12.00
# Visual Studio Version 16
VisualStudioVersion = 16.0.29519.181
MinimumVisualStudioVersion = 10.0.40219.1
Project("{FAE04EC0-301F-11D3-BF4B-00C04F79EFBC}") = "TestingGitHub1", "TestingGitHub1\TestingGitHub1.csproj", "{1475E5CE-A46C-479E-96C8-D956742C6220}"
EndProject
Global
	GlobalSection(SolutionConfigurationPlatforms) = preSolution
		Debug|Any CPU = Debug|Any CPU
		Release|Any CPU = Release|Any CPU
	EndGlobalSection
	GlobalSection(ProjectConfigurationPlatforms) = postSolution
		{1475E5CE-A46C-479E-96C8-D956742C6220}.Debug|Any CPU.ActiveCfg = Debug|Any CPU
		{1475E5CE-A46C-479E-96C8-D956742C6220}.Debug|Any CPU.Build.0 = Debug|Any CPU
		{1475E5CE-A46C-479E-96C8-D956742C6220}.Release|Any CPU.ActiveCfg = Release|Any CPU
		{1475E5CE-A46C-479E-96C8-D956742C6220}.Release|Any CPU.Build.0 = Release|Any CPU
	EndGlobalSection
	GlobalSection(SolutionProperties) = preSolution
		HideSolutionNode = FALSE
	EndGlobalSection
	GlobalSection(ExtensibilityGlobals) = postSolution
		SolutionGuid = {4FB05268-89A6-4C09-A635-9D008A0C3F0D}
	EndGlobalSection
EndGlobal
